
Microsoft Visual Studio Solution File, Format Version 12.00
# Visual Studio Version 16
VisualStudioVersion = 16.0.31410.357
MinimumVisualStudioVersion = 10.0.40219.1
Project("{8BC9CEB8-8B4A-11D0-8D11-00A0C91BC942}") = "DSPC", "DSPC\DSPC.vcxproj", "{EDF13839-BF41-4836-AF95-CB26752B4440}"
EndProject
Global
	GlobalSection(SolutionConfigurationPlatforms) = preSolution
		Debug|x64 = Debug|x64
		Debug|x86 = Debug|x86
		Release|x64 = Release|x64
		Release|x86 = Release|x86
	EndGlobalSection
	GlobalSection(ProjectConfigurationPlatforms) = postSolution
		{EDF13839-BF41-4836-AF95-CB26752B4440}.Debug|x64.ActiveCfg = Debug|x64
		{EDF13839-BF41-4836-AF95-CB26752B4440}.Debug|x64.Build.0 = Debug|x64
		{EDF13839-BF41-4836-AF95-CB26752B4440}.Debug|x86.ActiveCfg = Debug|Win32
		{EDF13839-BF41-4836-AF95-CB26752B4440}.Debug|x86.Build.0 = Debug|Win32
		{EDF13839-BF41-4836-AF95-CB26752B4440}.Release|x64.ActiveCfg = Release|x64
		{EDF13839-BF41-4836-AF95-CB26752B4440}.Release|x64.Build.0 = Release|x64
		{EDF13839-BF41-4836-AF95-CB26752B4440}.Release|x86.ActiveCfg = Release|Win32
		{EDF13839-BF41-4836-AF95-CB26752B4440}.Release|x86.Build.0 = Release|Win32
	EndGlobalSection
	GlobalSection(SolutionProperties) = preSolution
		HideSolutionNode = FALSE
	EndGlobalSection
	GlobalSection(ExtensibilityGlobals) = postSolution
		SolutionGuid = {DD0D2958-74B3-4137-92CA-0D80C0BE4E7D}
	EndGlobalSection
EndGlobal
